
Microsoft Visual Studio Solution File, Format Version 12.00
# Visual Studio Version 17
VisualStudioVersion = 17.6.33723.286
MinimumVisualStudioVersion = 10.0.40219.1
Project("{F184B08F-C81C-45F6-A57F-5ABD9991F28F}") = "Tiendita", "Tiendita\Tiendita.vbproj", "{D24EE106-D8EB-4414-82F5-0A502E029EDA}"
EndProject
Global
	GlobalSection(SolutionConfigurationPlatforms) = preSolution
		Debug|Any CPU = Debug|Any CPU
		Release|Any CPU = Release|Any CPU
	EndGlobalSection
	GlobalSection(ProjectConfigurationPlatforms) = postSolution
		{D24EE106-D8EB-4414-82F5-0A502E029EDA}.Debug|Any CPU.ActiveCfg = Debug|Any CPU
		{D24EE106-D8EB-4414-82F5-0A502E029EDA}.Debug|Any CPU.Build.0 = Debug|Any CPU
		{D24EE106-D8EB-4414-82F5-0A502E029EDA}.Release|Any CPU.ActiveCfg = Release|Any CPU
		{D24EE106-D8EB-4414-82F5-0A502E029EDA}.Release|Any CPU.Build.0 = Release|Any CPU
	EndGlobalSection
	GlobalSection(SolutionProperties) = preSolution
		HideSolutionNode = FALSE
	EndGlobalSection
	GlobalSection(ExtensibilityGlobals) = postSolution
		SolutionGuid = {78FF5902-8D79-423C-928A-6461BCF94D00}
	EndGlobalSection
EndGlobal
